
Microsoft Visual Studio Solution File, Format Version 12.00
# Visual Studio 15
VisualStudioVersion = 15.0.28306.52
MinimumVisualStudioVersion = 10.0.40219.1
Project("{8BC9CEB8-8B4A-11D0-8D11-00A0C91BC942}") = "MyOwnLibrary_MathLib_1", "MyOwnLibrary_MathLib_1\MyOwnLibrary_MathLib_1.vcxproj", "{714CDE37-BE97-44D1-A601-52787CC66D2A}"
EndProject
Global
	GlobalSection(SolutionConfigurationPlatforms) = preSolution
		Debug|x64 = Debug|x64
		Debug|x86 = Debug|x86
		Release|x64 = Release|x64
		Release|x86 = Release|x86
	EndGlobalSection
	GlobalSection(ProjectConfigurationPlatforms) = postSolution
		{714CDE37-BE97-44D1-A601-52787CC66D2A}.Debug|x64.ActiveCfg = Debug|x64
		{714CDE37-BE97-44D1-A601-52787CC66D2A}.Debug|x64.Build.0 = Debug|x64
		{714CDE37-BE97-44D1-A601-52787CC66D2A}.Debug|x86.ActiveCfg = Debug|Win32
		{714CDE37-BE97-44D1-A601-52787CC66D2A}.Debug|x86.Build.0 = Debug|Win32
		{714CDE37-BE97-44D1-A601-52787CC66D2A}.Release|x64.ActiveCfg = Release|x64
		{714CDE37-BE97-44D1-A601-52787CC66D2A}.Release|x64.Build.0 = Release|x64
		{714CDE37-BE97-44D1-A601-52787CC66D2A}.Release|x86.ActiveCfg = Release|Win32
		{714CDE37-BE97-44D1-A601-52787CC66D2A}.Release|x86.Build.0 = Release|Win32
	EndGlobalSection
	GlobalSection(SolutionProperties) = preSolution
		HideSolutionNode = FALSE
	EndGlobalSection
	GlobalSection(ExtensibilityGlobals) = postSolution
		SolutionGuid = {51036D2D-B490-4841-BC54-17FA4A809AFD}
	EndGlobalSection
EndGlobal
